
Microsoft Visual Studio Solution File, Format Version 12.00
# Visual Studio Version 17
VisualStudioVersion = 17.2.32519.379
MinimumVisualStudioVersion = 10.0.40219.1
Project("{FAE04EC0-301F-11D3-BF4B-00C04F79EFBC}") = "ProiectPAOO", "ProiectPAOO\ProiectPAOO.csproj", "{957CE214-2E0F-4726-A8A1-BC0416637CC3}"
EndProject
Global
	GlobalSection(SolutionConfigurationPlatforms) = preSolution
		Debug|Any CPU = Debug|Any CPU
		Release|Any CPU = Release|Any CPU
	EndGlobalSection
	GlobalSection(ProjectConfigurationPlatforms) = postSolution
		{957CE214-2E0F-4726-A8A1-BC0416637CC3}.Debug|Any CPU.ActiveCfg = Debug|Any CPU
		{957CE214-2E0F-4726-A8A1-BC0416637CC3}.Debug|Any CPU.Build.0 = Debug|Any CPU
		{957CE214-2E0F-4726-A8A1-BC0416637CC3}.Release|Any CPU.ActiveCfg = Release|Any CPU
		{957CE214-2E0F-4726-A8A1-BC0416637CC3}.Release|Any CPU.Build.0 = Release|Any CPU
	EndGlobalSection
	GlobalSection(SolutionProperties) = preSolution
		HideSolutionNode = FALSE
	EndGlobalSection
	GlobalSection(ExtensibilityGlobals) = postSolution
		SolutionGuid = {FEE7CE6D-C186-4207-971A-5AD00B987717}
	EndGlobalSection
EndGlobal
